
Microsoft Visual Studio Solution File, Format Version 12.00
# Visual Studio Version 17
VisualStudioVersion = 17.13.35931.197 d17.13
MinimumVisualStudioVersion = 10.0.40219.1
Project("{FAE04EC0-301F-11D3-BF4B-00C04F79EFBC}") = "Exercise02", "Exercise02\Exercise02.csproj", "{1314C987-5CE5-470B-9559-C0AD21706252}"
EndProject
Global
	GlobalSection(SolutionConfigurationPlatforms) = preSolution
		Debug|Any CPU = Debug|Any CPU
		Release|Any CPU = Release|Any CPU
	EndGlobalSection
	GlobalSection(ProjectConfigurationPlatforms) = postSolution
		{1314C987-5CE5-470B-9559-C0AD21706252}.Debug|Any CPU.ActiveCfg = Debug|Any CPU
		{1314C987-5CE5-470B-9559-C0AD21706252}.Debug|Any CPU.Build.0 = Debug|Any CPU
		{1314C987-5CE5-470B-9559-C0AD21706252}.Release|Any CPU.ActiveCfg = Release|Any CPU
		{1314C987-5CE5-470B-9559-C0AD21706252}.Release|Any CPU.Build.0 = Release|Any CPU
	EndGlobalSection
	GlobalSection(SolutionProperties) = preSolution
		HideSolutionNode = FALSE
	EndGlobalSection
	GlobalSection(ExtensibilityGlobals) = postSolution
		SolutionGuid = {1EAE17B9-4E3D-412C-9EF7-4DE340518425}
	EndGlobalSection
EndGlobal
