
Microsoft Visual Studio Solution File, Format Version 12.00
# Visual Studio Version 17
VisualStudioVersion = 17.10.35027.167
MinimumVisualStudioVersion = 10.0.40219.1
Project("{FAE04EC0-301F-11D3-BF4B-00C04F79EFBC}") = "DatabaseFactoryLibrary", "DatabaseFactoryLibrary.csproj", "{3B05B052-4D2E-413D-82F8-7699C3523175}"
EndProject
Global
	GlobalSection(SolutionConfigurationPlatforms) = preSolution
		Debug|Any CPU = Debug|Any CPU
		Release|Any CPU = Release|Any CPU
	EndGlobalSection
	GlobalSection(ProjectConfigurationPlatforms) = postSolution
		{3B05B052-4D2E-413D-82F8-7699C3523175}.Debug|Any CPU.ActiveCfg = Debug|Any CPU
		{3B05B052-4D2E-413D-82F8-7699C3523175}.Debug|Any CPU.Build.0 = Debug|Any CPU
		{3B05B052-4D2E-413D-82F8-7699C3523175}.Release|Any CPU.ActiveCfg = Release|Any CPU
		{3B05B052-4D2E-413D-82F8-7699C3523175}.Release|Any CPU.Build.0 = Release|Any CPU
	EndGlobalSection
	GlobalSection(SolutionProperties) = preSolution
		HideSolutionNode = FALSE
	EndGlobalSection
	GlobalSection(ExtensibilityGlobals) = postSolution
		SolutionGuid = {C9A623AC-1F59-46C8-A910-7F5EE96E798A}
	EndGlobalSection
EndGlobal
