
Microsoft Visual Studio Solution File, Format Version 12.00
# Visual Studio Version 17
VisualStudioVersion = 17.13.35931.197 d17.13
MinimumVisualStudioVersion = 10.0.40219.1
Project("{FAE04EC0-301F-11D3-BF4B-00C04F79EFBC}") = "Exercise03", "Exercise03\Exercise03.csproj", "{15B3DFE4-9C7E-4C97-B1CD-6AB7B0934140}"
EndProject
Global
	GlobalSection(SolutionConfigurationPlatforms) = preSolution
		Debug|Any CPU = Debug|Any CPU
		Release|Any CPU = Release|Any CPU
	EndGlobalSection
	GlobalSection(ProjectConfigurationPlatforms) = postSolution
		{15B3DFE4-9C7E-4C97-B1CD-6AB7B0934140}.Debug|Any CPU.ActiveCfg = Debug|Any CPU
		{15B3DFE4-9C7E-4C97-B1CD-6AB7B0934140}.Debug|Any CPU.Build.0 = Debug|Any CPU
		{15B3DFE4-9C7E-4C97-B1CD-6AB7B0934140}.Release|Any CPU.ActiveCfg = Release|Any CPU
		{15B3DFE4-9C7E-4C97-B1CD-6AB7B0934140}.Release|Any CPU.Build.0 = Release|Any CPU
	EndGlobalSection
	GlobalSection(SolutionProperties) = preSolution
		HideSolutionNode = FALSE
	EndGlobalSection
	GlobalSection(ExtensibilityGlobals) = postSolution
		SolutionGuid = {FB97B9F1-6754-47FE-8BE7-A341E3F0BF21}
	EndGlobalSection
EndGlobal
